<?xml version="1.0" encoding="utf-8"?>
<Project ToolsVersion="4.0" xmlns="http://schemas.microsoft.com/developer/msbuild/2003">
  <ItemGroup>
    <Filter Include="Archivos de origen">
      <UniqueIdentifier>{4FC737F1-C7A5-4376-A066-2A32D752A2FF}</UniqueIdentifier>
      <Extensions>cpp;c;cc;cxx;c++;cppm;ixx;def;odl;idl;hpj;bat;asm;asmx</Extensions>
    </Filter>
    <Filter Include="Archivos de encabezado">
      <UniqueIdentifier>{93995380-89BD-4b04-88EB-625FBE52EBFB}</UniqueIdentifier>
      <Extensions>h;hh;hpp;hxx;h++;hm;inl;inc;ipp;xsd</Extensions>
    </Filter>
    <Filter Include="Archivos de recursos">
      <UniqueIdentifier>{67DA6AB6-F800-4c08-8B7A-83BB121AAD01}</UniqueIdentifier>
      <Extensions>rc;ico;cur;bmp;dlg;rc2;rct;bin;rgs;gif;jpg;jpeg;jpe;resx;tiff;tif;png;wav;mfcribbon-ms</Extensions>
    </Filter>
    <Filter Include="Archivos de encabezado\Managers">
      <UniqueIdentifier>{b6a2df8d-e998-495f-88d3-f0f76e17bfa3}</UniqueIdentifier>
    </Filter>
    <Filter Include="Archivos de origen\Managers">
      <UniqueIdentifier>{105d2612-9b4e-4d2c-b1d1-1d2c829917cd}</UniqueIdentifier>
    </Filter>
    <Filter Include="Archivos de origen\Components">
      <UniqueIdentifier>{e5b0f6a2-20a7-43c0-8a23-c411a370a970}</UniqueIdentifier>
    </Filter>
    <Filter Include="Archivos de encabezado\Components">
      <UniqueIdentifier>{5632e22e-ac95-4fc0-9a0b-33052ac5e5f6}</UniqueIdentifier>
    </Filter>
    <Filter Include="Archivos de origen\Tools/Utilities">
      <UniqueIdentifier>{47e305bd-7848-4ce3-b677-0fcd50b03bea}</UniqueIdentifier>
    </Filter>
    <Filter Include="Archivos de encabezado\Tools/Utilities">
      <UniqueIdentifier>{248d3b85-da56-4a63-b279-65d733866ab9}</UniqueIdentifier>
    </Filter>
    <Filter Include="Archivos de encabezado\ObjectPools">
      <UniqueIdentifier>{8e28642a-2e98-4eaa-92da-f125af6c406e}</UniqueIdentifier>
    </Filter>
    <Filter Include="Archivos de origen\ObjectPools">
      <UniqueIdentifier>{5cbcf735-910e-4898-94a6-5a38b5694c98}</UniqueIdentifier>
    </Filter>
    <Filter Include="Archivos de encabezado\Templates/Resources">
      <UniqueIdentifier>{e35eb678-e3ad-48ed-b7cf-36fbd0a52bab}</UniqueIdentifier>
    </Filter>
    <Filter Include="Archivos de origen\Templates/Resources">
      <UniqueIdentifier>{f7354243-0dac-41f7-b770-ca43e9d73162}</UniqueIdentifier>
    </Filter>
  </ItemGroup>
  <ItemGroup>
    <ClCompile Include="src\Game.cpp">
      <Filter>Archivos de origen</Filter>
    </ClCompile>
    <ClCompile Include="src\main.cpp">
      <Filter>Archivos de origen</Filter>
    </ClCompile>
    <ClCompile Include="src\Managers\SDL\AudioManager.cpp">
      <Filter>Archivos de origen\Managers</Filter>
    </ClCompile>
    <ClCompile Include="src\Managers\SDL\FontsManager.cpp">
      <Filter>Archivos de origen\Managers</Filter>
    </ClCompile>
    <ClCompile Include="src\Managers\SDL\SDLAudioManager.cpp">
      <Filter>Archivos de origen\Managers</Filter>
    </ClCompile>
    <ClCompile Include="src\Managers\SDL\SDLFontsManager.cpp">
      <Filter>Archivos de origen\Managers</Filter>
    </ClCompile>
    <ClCompile Include="src\Managers\SDL\SDLTexturesManager.cpp">
      <Filter>Archivos de origen\Managers</Filter>
    </ClCompile>
    <ClCompile Include="src\Managers\SDL\TexturesManager.cpp">
      <Filter>Archivos de origen\Managers</Filter>
    </ClCompile>
    <ClCompile Include="src\Managers\game\CharacterManager.cpp">
      <Filter>Archivos de origen\Managers</Filter>
    </ClCompile>
    <ClCompile Include="src\Managers\game\CombatManager.cpp">
      <Filter>Archivos de origen\Managers</Filter>
    </ClCompile>
    <ClCompile Include="src\Managers\game\HabilityManager.cpp">
      <Filter>Archivos de origen</Filter>
    </ClCompile>
    <ClCompile Include="src\Managers\game\ItemManager.cpp">
      <Filter>Archivos de origen</Filter>
    </ClCompile>
    <ClCompile Include="src\Managers\game\LobbyManager.cpp">
      <Filter>Archivos de origen</Filter>
    </ClCompile>
    <ClCompile Include="src\Managers\game\PartyManager.cpp">
      <Filter>Archivos de origen\Templates/Resources</Filter>
    </ClCompile>
    <ClCompile Include="src\Managers\SDLGame.cpp">
      <Filter>Archivos de origen</Filter>
    </ClCompile>
    <ClCompile Include="src\Managers\TheElementalMaze.cpp">
      <Filter>Archivos de origen</Filter>
    </ClCompile>
    <ClCompile Include="src\GameObjects\Button.cpp">
      <Filter>Archivos de origen</Filter>
    </ClCompile>
    <ClCompile Include="src\GameObjects\Character.cpp">
      <Filter>Archivos de origen\Templates/Resources</Filter>
    </ClCompile>
    <ClCompile Include="src\GameObjects\Cursor.cpp">
      <Filter>Archivos de origen</Filter>
    </ClCompile>
    <ClCompile Include="src\GameObjects\Rectangle.cpp">
      <Filter>Archivos de origen\Components</Filter>
    </ClCompile>
    <ClCompile Include="src\Structures\Panel.cpp">
      <Filter>Archivos de origen</Filter>
    </ClCompile>
    <ClCompile Include="src\Components\Interfaz.cpp">
      <Filter>Archivos de origen\Components</Filter>
    </ClCompile>
    <ClCompile Include="src\Components\ButtonCtrl.cpp">
      <Filter>Archivos de origen</Filter>
    </ClCompile>
    <ClCompile Include="src\Components\Transform.cpp">
      <Filter>Archivos de origen\Components</Filter>
    </ClCompile>
    <ClCompile Include="src\Components\Sprite.cpp">
      <Filter>Archivos de origen</Filter>
    </ClCompile>
    <ClCompile Include="src\Components\PlayerViewer.cpp">
      <Filter>Archivos de origen</Filter>
    </ClCompile>
    <ClCompile Include="src\Components\PlayerMotion.cpp">
      <Filter>Archivos de origen\Components</Filter>
    </ClCompile>
    <ClCompile Include="src\Components\MouseCtrl.cpp">
      <Filter>Archivos de origen</Filter>
    </ClCompile>
    <ClCompile Include="src\Templates\CharacterSheet.cpp">
      <Filter>Archivos de origen\Components</Filter>
    </ClCompile>
    <ClCompile Include="src\Templates\callbacks.cpp">
      <Filter>Archivos de origen</Filter>
    </ClCompile>
    <ClCompile Include="src\Templates\HabilityResources.cpp">
      <Filter>Archivos de origen\Templates/Resources</Filter>
    </ClCompile>
    <ClCompile Include="src\Templates\Resources.cpp">
      <Filter>Archivos de origen\Templates/Resources</Filter>
    </ClCompile>
    <ClCompile Include="src\Templates\RPGLogic.cpp">
      <Filter>Archivos de origen\Templates/Resources</Filter>
    </ClCompile>
    <ClCompile Include="src\Utilities\SRandBasedGenerator.cpp">
      <Filter>Archivos de origen\Tools/Utilities</Filter>
    </ClCompile>
    <ClCompile Include="src\Utilities\sdl_macros.cpp">
      <Filter>Archivos de origen\Tools/Utilities</Filter>
    </ClCompile>
    <ClCompile Include="src\Utilities\RandomNumberGenerator.cpp">
      <Filter>Archivos de origen\Tools/Utilities</Filter>
    </ClCompile>
    <ClCompile Include="src\Utilities\jute.cpp">
      <Filter>Archivos de origen\Tools/Utilities</Filter>
    </ClCompile>
    <ClCompile Include="src\Utilities\Collisions.cpp">
      <Filter>Archivos de origen\Tools/Utilities</Filter>
    </ClCompile>
    <ClCompile Include="src\Structures\Vector2D.cpp">
      <Filter>Archivos de origen\Tools/Utilities</Filter>
    </ClCompile>
    <ClCompile Include="src\Structures\Texture.cpp">
      <Filter>Archivos de origen\Tools/Utilities</Filter>
    </ClCompile>
    <ClCompile Include="src\Structures\ObjectPool.cpp">
      <Filter>Archivos de origen\ObjectPools</Filter>
    </ClCompile>
    <ClCompile Include="src\Structures\Font.cpp">
      <Filter>Archivos de origen\Tools/Utilities</Filter>
    </ClCompile>
    <ClCompile Include="src\ecs\Component.cpp">
      <Filter>Archivos de origen\Components</Filter>
    </ClCompile>
    <ClCompile Include="src\ecs\Entity.cpp">
      <Filter>Archivos de origen</Filter>
    </ClCompile>
    <ClCompile Include="src\ecs\Manager.cpp">
      <Filter>Archivos de origen\Managers</Filter>
    </ClCompile>
    <ClCompile Include="src\Utilities\InputHandler.cpp">
      <Filter>Archivos de origen\Managers</Filter>
    </ClCompile>
    <ClCompile Include="src\GameObjects\SDL_Objects.cpp">
      <Filter>Archivos de origen</Filter>
    </ClCompile>
    <ClCompile Include="src\Components\Laberinto.cpp">
      <Filter>Archivos de origen</Filter>
    </ClCompile>
    <ClCompile Include="src\Structures\Casilla.cpp">
      <Filter>Archivos de origen</Filter>
    </ClCompile>
    <ClCompile Include="src\Structures\Item.cpp">
      <Filter>Archivos de origen\Templates/Resources</Filter>
    </ClCompile>
    <ClCompile Include="src\Utilities\textures_box.cpp">
      <Filter>Archivos de origen</Filter>
    </ClCompile>
    <ClCompile Include="src\Components\GameStateManager.cpp">
      <Filter>Archivos de origen</Filter>
    </ClCompile>
    <ClCompile Include="src\Components\PanelTurns.cpp">
      <Filter>Archivos de origen</Filter>
    </ClCompile>
    <ClCompile Include="src\Managers\game\ChatManager.cpp">
      <Filter>Archivos de origen</Filter>
    </ClCompile>
    <ClCompile Include="src\Components\ChatInfo.cpp">
      <Filter>Archivos de origen</Filter>
    </ClCompile>
  </ItemGroup>
  <ItemGroup>
    <ClInclude Include="src\Managers\SDL\AudioManager.h">
      <Filter>Archivos de encabezado\Managers</Filter>
    </ClInclude>
    <ClInclude Include="src\Managers\SDL\FontsManager.h">
      <Filter>Archivos de encabezado\Managers</Filter>
    </ClInclude>
    <ClInclude Include="src\Managers\SDL\SDLAudioManager.h">
      <Filter>Archivos de encabezado\Managers</Filter>
    </ClInclude>
    <ClInclude Include="src\Managers\SDL\SDLFontsManager.h">
      <Filter>Archivos de encabezado\Managers</Filter>
    </ClInclude>
    <ClInclude Include="src\Managers\SDL\SDLTexturesManager.h">
      <Filter>Archivos de encabezado\Managers</Filter>
    </ClInclude>
    <ClInclude Include="src\Managers\SDL\TexturesManager.h">
      <Filter>Archivos de encabezado\Managers</Filter>
    </ClInclude>
    <ClInclude Include="src\Managers\game\CharacterManager.h">
      <Filter>Archivos de encabezado\Managers</Filter>
    </ClInclude>
    <ClInclude Include="src\Managers\game\CombatManager.h">
      <Filter>Archivos de encabezado\Managers</Filter>
    </ClInclude>
    <ClInclude Include="src\Managers\game\HabilityManager.h">
      <Filter>Archivos de encabezado\Managers</Filter>
    </ClInclude>
    <ClInclude Include="src\Managers\game\InterfazManager.h">
      <Filter>Archivos de encabezado\Managers</Filter>
    </ClInclude>
    <ClInclude Include="src\Managers\game\ItemManager.h">
      <Filter>Archivos de encabezado\Managers</Filter>
    </ClInclude>
    <ClInclude Include="src\Managers\game\LobbyManager.h">
      <Filter>Archivos de encabezado\Managers</Filter>
    </ClInclude>
    <ClInclude Include="src\Managers\game\PartyManager.h">
      <Filter>Archivos de encabezado\Templates/Resources</Filter>
    </ClInclude>
    <ClInclude Include="src\Managers\SDLGame.h">
      <Filter>Archivos de encabezado</Filter>
    </ClInclude>
    <ClInclude Include="src\Managers\TheElementalMaze.h">
      <Filter>Archivos de encabezado</Filter>
    </ClInclude>
    <ClInclude Include="src\Game.h">
      <Filter>Archivos de encabezado</Filter>
    </ClInclude>
    <ClInclude Include="src\GameObjects\Button.h">
      <Filter>Archivos de encabezado</Filter>
    </ClInclude>
    <ClInclude Include="src\GameObjects\Character.h">
      <Filter>Archivos de encabezado\Templates/Resources</Filter>
    </ClInclude>
    <ClInclude Include="src\GameObjects\Cursor.h">
      <Filter>Archivos de encabezado</Filter>
    </ClInclude>
    <ClInclude Include="src\GameObjects\Rectangle.h">
      <Filter>Archivos de encabezado\Components</Filter>
    </ClInclude>
    <ClInclude Include="src\Structures\Panel.h">
      <Filter>Archivos de encabezado</Filter>
    </ClInclude>
    <ClInclude Include="src\Components\Interfaz.h">
      <Filter>Archivos de encabezado\Components</Filter>
    </ClInclude>
    <ClInclude Include="src\Components\Image.h">
      <Filter>Archivos de encabezado</Filter>
    </ClInclude>
    <ClInclude Include="src\Components\CasillaRender.h">
      <Filter>Archivos de encabezado</Filter>
    </ClInclude>
    <ClInclude Include="src\Components\ButtonCtrl.h">
      <Filter>Archivos de encabezado</Filter>
    </ClInclude>
    <ClInclude Include="src\Components\Transform.h">
      <Filter>Archivos de encabezado\Components</Filter>
    </ClInclude>
    <ClInclude Include="src\Components\StateBar.h">
      <Filter>Archivos de encabezado</Filter>
    </ClInclude>
    <ClInclude Include="src\Components\Sprite.h">
      <Filter>Archivos de encabezado</Filter>
    </ClInclude>
    <ClInclude Include="src\Components\PlayerViewer.h">
      <Filter>Archivos de encabezado\Components</Filter>
    </ClInclude>
    <ClInclude Include="src\Components\PlayerMotion.h">
      <Filter>Archivos de encabezado\Components</Filter>
    </ClInclude>
    <ClInclude Include="src\Components\MouseCtrl.h">
      <Filter>Archivos de encabezado</Filter>
    </ClInclude>
    <ClInclude Include="src\Components\MazePos.h">
      <Filter>Archivos de encabezado\Components</Filter>
    </ClInclude>
    <ClInclude Include="src\Templates\CharacterSheet.h">
      <Filter>Archivos de encabezado\Templates/Resources</Filter>
    </ClInclude>
    <ClInclude Include="src\Templates\callbacks.h">
      <Filter>Archivos de encabezado</Filter>
    </ClInclude>
    <ClInclude Include="src\Templates\HabilityResources.h">
      <Filter>Archivos de encabezado\Templates/Resources</Filter>
    </ClInclude>
    <ClInclude Include="src\Templates\Resources.h">
      <Filter>Archivos de encabezado\Templates/Resources</Filter>
    </ClInclude>
    <ClInclude Include="src\Templates\RPGLogic.h">
      <Filter>Archivos de encabezado\Templates/Resources</Filter>
    </ClInclude>
    <ClInclude Include="src\Utilities\usings.h">
      <Filter>Archivos de encabezado\Tools/Utilities</Filter>
    </ClInclude>
    <ClInclude Include="src\Utilities\SRandBasedGenerator.h">
      <Filter>Archivos de encabezado\Tools/Utilities</Filter>
    </ClInclude>
    <ClInclude Include="src\Utilities\SDL_macros.h">
      <Filter>Archivos de encabezado\Tools/Utilities</Filter>
    </ClInclude>
    <ClInclude Include="src\Utilities\RandomNumberGenerator.h">
      <Filter>Archivos de encabezado\Tools/Utilities</Filter>
    </ClInclude>
    <ClInclude Include="src\Utilities\jute.h">
      <Filter>Archivos de encabezado\Tools/Utilities</Filter>
    </ClInclude>
    <ClInclude Include="src\Utilities\Collisions.h">
      <Filter>Archivos de encabezado\Tools/Utilities</Filter>
    </ClInclude>
    <ClInclude Include="src\Utilities\checkML.h">
      <Filter>Archivos de encabezado\Tools/Utilities</Filter>
    </ClInclude>
    <ClInclude Include="src\Structures\Vector2D.h">
      <Filter>Archivos de encabezado\Tools/Utilities</Filter>
    </ClInclude>
    <ClInclude Include="src\Structures\Texture.h">
      <Filter>Archivos de encabezado\Tools/Utilities</Filter>
    </ClInclude>
    <ClInclude Include="src\Structures\ObjectPool.h">
      <Filter>Archivos de encabezado\ObjectPools</Filter>
    </ClInclude>
    <ClInclude Include="src\Structures\Font.h">
      <Filter>Archivos de encabezado\Tools/Utilities</Filter>
    </ClInclude>
    <ClInclude Include="src\ecs\Component.h">
      <Filter>Archivos de encabezado\Components</Filter>
    </ClInclude>
    <ClInclude Include="src\ecs\ecs.h">
      <Filter>Archivos de encabezado</Filter>
    </ClInclude>
    <ClInclude Include="src\ecs\ecs_interfaz.h">
      <Filter>Archivos de encabezado\Components</Filter>
    </ClInclude>
    <ClInclude Include="src\ecs\Entity.h">
      <Filter>Archivos de encabezado</Filter>
    </ClInclude>
    <ClInclude Include="src\ecs\Manager.h">
      <Filter>Archivos de encabezado\Managers</Filter>
    </ClInclude>
    <ClInclude Include="src\Utilities\InputHandler.h">
      <Filter>Archivos de encabezado\Managers</Filter>
    </ClInclude>
    <ClInclude Include="src\GameObjects\SDL_Objects.h">
      <Filter>Archivos de encabezado</Filter>
    </ClInclude>
    <ClInclude Include="src\Components\Laberinto.h">
      <Filter>Archivos de encabezado</Filter>
    </ClInclude>
    <ClInclude Include="src\Structures\Casilla.h">
      <Filter>Archivos de encabezado</Filter>
    </ClInclude>
    <ClInclude Include="src\Structures\Item.h">
      <Filter>Archivos de encabezado\Templates/Resources</Filter>
    </ClInclude>
    <ClInclude Include="src\Utilities\textures_box.h">
      <Filter>Archivos de encabezado</Filter>
    </ClInclude>
    <ClInclude Include="src\Components\GameStateManager.h">
      <Filter>Archivos de encabezado</Filter>
    </ClInclude>
    <ClInclude Include="src\Components\PanelTurns.h">
      <Filter>Archivos de encabezado</Filter>
    </ClInclude>
    <ClInclude Include="src\Managers\game\ChatManager.h">
      <Filter>Archivos de encabezado</Filter>
    </ClInclude>
    <ClInclude Include="src\Components\ChatInfo.h">
      <Filter>Archivos de encabezado</Filter>
    </ClInclude>
  </ItemGroup>
  <ItemGroup>
    <None Include="resources\jsons\pruebasArmaduras.json">
      <Filter>Archivos de recursos</Filter>
    </None>
    <None Include="resources\jsons\pruebasArmas.json">
      <Filter>Archivos de recursos</Filter>
    </None>
    <None Include="resources\jsons\heroes.json">
      <Filter>Archivos de recursos</Filter>
    </None>
    <None Include="resources\jsons\enemies.json">
      <Filter>Archivos de recursos</Filter>
    </None>
  </ItemGroup>
  <ItemGroup>
    <Text Include="src\NewFile.txt" />
  </ItemGroup>
</Project>