<?xml version="1.0" encoding="utf-8"?>
<Project ToolsVersion="4.0" xmlns="http://schemas.microsoft.com/developer/msbuild/2003">
  <ItemGroup>
    <Filter Include="Archivos de origen">
      <UniqueIdentifier>{4FC737F1-C7A5-4376-A066-2A32D752A2FF}</UniqueIdentifier>
      <Extensions>cpp;c;cc;cxx;c++;cppm;ixx;def;odl;idl;hpj;bat;asm;asmx</Extensions>
    </Filter>
    <Filter Include="Archivos de encabezado">
      <UniqueIdentifier>{93995380-89BD-4b04-88EB-625FBE52EBFB}</UniqueIdentifier>
      <Extensions>h;hh;hpp;hxx;h++;hm;inl;inc;ipp;xsd</Extensions>
    </Filter>
    <Filter Include="Archivos de recursos">
      <UniqueIdentifier>{67DA6AB6-F800-4c08-8B7A-83BB121AAD01}</UniqueIdentifier>
      <Extensions>rc;ico;cur;bmp;dlg;rc2;rct;bin;rgs;gif;jpg;jpeg;jpe;resx;tiff;tif;png;wav;mfcribbon-ms</Extensions>
    </Filter>
    <Filter Include="Archivos de encabezado\Managers">
      <UniqueIdentifier>{b6a2df8d-e998-495f-88d3-f0f76e17bfa3}</UniqueIdentifier>
    </Filter>
    <Filter Include="Archivos de origen\Managers">
      <UniqueIdentifier>{105d2612-9b4e-4d2c-b1d1-1d2c829917cd}</UniqueIdentifier>
    </Filter>
    <Filter Include="Archivos de origen\Components">
      <UniqueIdentifier>{e5b0f6a2-20a7-43c0-8a23-c411a370a970}</UniqueIdentifier>
    </Filter>
    <Filter Include="Archivos de encabezado\Components">
      <UniqueIdentifier>{5632e22e-ac95-4fc0-9a0b-33052ac5e5f6}</UniqueIdentifier>
    </Filter>
    <Filter Include="Archivos de origen\Tools/Utilities">
      <UniqueIdentifier>{47e305bd-7848-4ce3-b677-0fcd50b03bea}</UniqueIdentifier>
    </Filter>
    <Filter Include="Archivos de encabezado\Tools/Utilities">
      <UniqueIdentifier>{248d3b85-da56-4a63-b279-65d733866ab9}</UniqueIdentifier>
    </Filter>
    <Filter Include="Archivos de encabezado\ObjectPools">
      <UniqueIdentifier>{8e28642a-2e98-4eaa-92da-f125af6c406e}</UniqueIdentifier>
    </Filter>
    <Filter Include="Archivos de origen\ObjectPools">
      <UniqueIdentifier>{5cbcf735-910e-4898-94a6-5a38b5694c98}</UniqueIdentifier>
    </Filter>
    <Filter Include="Archivos de encabezado\Templates/Resources">
      <UniqueIdentifier>{e35eb678-e3ad-48ed-b7cf-36fbd0a52bab}</UniqueIdentifier>
    </Filter>
    <Filter Include="Archivos de origen\Templates/Resources">
      <UniqueIdentifier>{f7354243-0dac-41f7-b770-ca43e9d73162}</UniqueIdentifier>
    </Filter>
  </ItemGroup>
  <ItemGroup>
    <ClCompile Include="src\Entity.cpp">
      <Filter>Archivos de origen</Filter>
    </ClCompile>
    <ClCompile Include="src\Game.cpp">
      <Filter>Archivos de origen</Filter>
    </ClCompile>
    <ClCompile Include="src\main.cpp">
      <Filter>Archivos de origen</Filter>
    </ClCompile>
    <ClCompile Include="src\SDLGame.cpp">
      <Filter>Archivos de origen</Filter>
    </ClCompile>
    <ClCompile Include="src\TexturesManager.cpp">
      <Filter>Archivos de origen\Managers</Filter>
    </ClCompile>
    <ClCompile Include="src\SDLAudioManager.cpp">
      <Filter>Archivos de origen\Managers</Filter>
    </ClCompile>
    <ClCompile Include="src\SDLFontsManager.cpp">
      <Filter>Archivos de origen\Managers</Filter>
    </ClCompile>
    <ClCompile Include="src\AudioManager.cpp">
      <Filter>Archivos de origen\Managers</Filter>
    </ClCompile>
    <ClCompile Include="src\FontsManager.cpp">
      <Filter>Archivos de origen\Managers</Filter>
    </ClCompile>
    <ClCompile Include="src\SDLTexturesManager.cpp">
      <Filter>Archivos de origen\Managers</Filter>
    </ClCompile>
    <ClCompile Include="src\Manager.cpp">
      <Filter>Archivos de origen\Managers</Filter>
    </ClCompile>
    <ClCompile Include="src\Component.cpp">
      <Filter>Archivos de origen\Components</Filter>
    </ClCompile>
    <ClCompile Include="src\Transform.cpp">
      <Filter>Archivos de origen\Components</Filter>
    </ClCompile>
    <ClCompile Include="src\InputHandler.cpp">
      <Filter>Archivos de origen\Managers</Filter>
    </ClCompile>
    <ClCompile Include="src\sdl_macros.cpp">
      <Filter>Archivos de origen\Tools/Utilities</Filter>
    </ClCompile>
    <ClCompile Include="src\SRandBasedGenerator.cpp">
      <Filter>Archivos de origen\Tools/Utilities</Filter>
    </ClCompile>
    <ClCompile Include="src\RandomNumberGenerator.cpp">
      <Filter>Archivos de origen\Tools/Utilities</Filter>
    </ClCompile>
    <ClCompile Include="src\Font.cpp">
      <Filter>Archivos de origen\Tools/Utilities</Filter>
    </ClCompile>
    <ClCompile Include="src\Collisions.cpp">
      <Filter>Archivos de origen\Tools/Utilities</Filter>
    </ClCompile>
    <ClCompile Include="src\jute.cpp">
      <Filter>Archivos de origen\Tools/Utilities</Filter>
    </ClCompile>
    <ClCompile Include="src\Rectangle.cpp">
      <Filter>Archivos de origen\Components</Filter>
    </ClCompile>
    <ClCompile Include="src\ObjectPool.cpp">
      <Filter>Archivos de origen\ObjectPools</Filter>
    </ClCompile>
    <ClCompile Include="src\Resources.cpp">
      <Filter>Archivos de origen\Templates/Resources</Filter>
    </ClCompile>
    <ClCompile Include="src\Vector2D.cpp">
      <Filter>Archivos de origen\Tools/Utilities</Filter>
    </ClCompile>
    <ClCompile Include="src\Texture.cpp">
      <Filter>Archivos de origen\Tools/Utilities</Filter>
    </ClCompile>
    <ClCompile Include="src\Character.cpp">
      <Filter>Archivos de origen\Components</Filter>
    </ClCompile>
    <ClCompile Include="Laberinto.cpp">
      <Filter>Archivos de origen</Filter>
    </ClCompile>
    <ClCompile Include="Casilla.cpp">
      <Filter>Archivos de origen</Filter>
    </ClCompile>
  </ItemGroup>
  <ItemGroup>
    <ClInclude Include="src\ecs.h">
      <Filter>Archivos de encabezado</Filter>
    </ClInclude>
    <ClInclude Include="src\Entity.h">
      <Filter>Archivos de encabezado</Filter>
    </ClInclude>
    <ClInclude Include="src\Game.h">
      <Filter>Archivos de encabezado</Filter>
    </ClInclude>
    <ClInclude Include="src\SDLGame.h">
      <Filter>Archivos de encabezado</Filter>
    </ClInclude>
    <ClInclude Include="src\TexturesManager.h">
      <Filter>Archivos de encabezado\Managers</Filter>
    </ClInclude>
    <ClInclude Include="src\SDLTexturesManager.h">
      <Filter>Archivos de encabezado\Managers</Filter>
    </ClInclude>
    <ClInclude Include="src\SDLAudioManager.h">
      <Filter>Archivos de encabezado\Managers</Filter>
    </ClInclude>
    <ClInclude Include="src\SDLFontsManager.h">
      <Filter>Archivos de encabezado\Managers</Filter>
    </ClInclude>
    <ClInclude Include="src\FontsManager.h">
      <Filter>Archivos de encabezado\Managers</Filter>
    </ClInclude>
    <ClInclude Include="src\AudioManager.h">
      <Filter>Archivos de encabezado\Managers</Filter>
    </ClInclude>
    <ClInclude Include="src\Manager.h">
      <Filter>Archivos de encabezado\Managers</Filter>
    </ClInclude>
    <ClInclude Include="src\Component.h">
      <Filter>Archivos de encabezado\Components</Filter>
    </ClInclude>
    <ClInclude Include="src\Transform.h">
      <Filter>Archivos de encabezado\Components</Filter>
    </ClInclude>
    <ClInclude Include="src\InputHandler.h">
      <Filter>Archivos de encabezado\Managers</Filter>
    </ClInclude>
    <ClInclude Include="src\checkML.h">
      <Filter>Archivos de encabezado\Tools/Utilities</Filter>
    </ClInclude>
    <ClInclude Include="src\SDL_macros.h">
      <Filter>Archivos de encabezado\Tools/Utilities</Filter>
    </ClInclude>
    <ClInclude Include="src\SRandBasedGenerator.h">
      <Filter>Archivos de encabezado\Tools/Utilities</Filter>
    </ClInclude>
    <ClInclude Include="src\RandomNumberGenerator.h">
      <Filter>Archivos de encabezado\Tools/Utilities</Filter>
    </ClInclude>
    <ClInclude Include="src\Font.h">
      <Filter>Archivos de encabezado\Tools/Utilities</Filter>
    </ClInclude>
    <ClInclude Include="src\Collisions.h">
      <Filter>Archivos de encabezado\Tools/Utilities</Filter>
    </ClInclude>
    <ClInclude Include="src\jute.h">
      <Filter>Archivos de encabezado\Tools/Utilities</Filter>
    </ClInclude>
    <ClInclude Include="src\Rectangle.h">
      <Filter>Archivos de encabezado\Components</Filter>
    </ClInclude>
    <ClInclude Include="src\ObjectPool.h">
      <Filter>Archivos de encabezado\ObjectPools</Filter>
    </ClInclude>
    <ClInclude Include="src\Resources.h">
      <Filter>Archivos de encabezado\Templates/Resources</Filter>
    </ClInclude>
    <ClInclude Include="src\Vector2D.h">
      <Filter>Archivos de encabezado\Tools/Utilities</Filter>
    </ClInclude>
    <ClInclude Include="src\Texture.h">
      <Filter>Archivos de encabezado\Tools/Utilities</Filter>
    </ClInclude>
    <ClInclude Include="src\Character.h">
      <Filter>Archivos de encabezado\Components</Filter>
    </ClInclude>
    <ClInclude Include="Laberinto.h">
      <Filter>Archivos de encabezado</Filter>
    </ClInclude>
    <ClInclude Include="Casilla.h">
      <Filter>Archivos de encabezado</Filter>
    </ClInclude>
    <ClInclude Include="CasillaRender.h">
      <Filter>Archivos de encabezado\Components</Filter>
    </ClInclude>
  </ItemGroup>
</Project>